
Microsoft Visual Studio Solution File, Format Version 12.00
# Visual Studio 15
VisualStudioVersion = 15.0.28307.421
MinimumVisualStudioVersion = 10.0.40219.1
Project("{888888A0-9F3D-457C-B088-3A5042F75D52}") = "testpython", "testpython\testpython.pyproj", "{1DD4C234-F14A-44B2-AC97-B1E6F6F196F0}"
EndProject
Global
	GlobalSection(SolutionConfigurationPlatforms) = preSolution
		Debug|Any CPU = Debug|Any CPU
		Release|Any CPU = Release|Any CPU
	EndGlobalSection
	GlobalSection(ProjectConfigurationPlatforms) = postSolution
		{1DD4C234-F14A-44B2-AC97-B1E6F6F196F0}.Debug|Any CPU.ActiveCfg = Debug|Any CPU
		{1DD4C234-F14A-44B2-AC97-B1E6F6F196F0}.Release|Any CPU.ActiveCfg = Release|Any CPU
	EndGlobalSection
	GlobalSection(SolutionProperties) = preSolution
		HideSolutionNode = FALSE
	EndGlobalSection
	GlobalSection(ExtensibilityGlobals) = postSolution
		SolutionGuid = {32B2C523-E545-4FC0-BEC0-22C6B91BFF34}
	EndGlobalSection
EndGlobal
